
Microsoft Visual Studio Solution File, Format Version 12.00
# Visual Studio Version 16
VisualStudioVersion = 16.0.29519.87
MinimumVisualStudioVersion = 10.0.40219.1
Project("{FAE04EC0-301F-11D3-BF4B-00C04F79EFBC}") = "Lecture2", "Lecture2\Lecture2.csproj", "{4296F517-40C4-4616-A00A-4E85AD97E6C7}"
EndProject
Project("{FAE04EC0-301F-11D3-BF4B-00C04F79EFBC}") = "Lecture3", "D2\Lecture3.csproj", "{01601655-75B5-46FF-B36C-90084E6934F3}"
EndProject
Project("{FAE04EC0-301F-11D3-BF4B-00C04F79EFBC}") = "Homework2", "Homework2\Homework2.csproj", "{985587B9-5A52-4347-9C2C-25E04F80F2EB}"
EndProject
Project("{FAE04EC0-301F-11D3-BF4B-00C04F79EFBC}") = "Lecture4", "Lecture4\Lecture4.csproj", "{96DE12BF-4165-49C0-B59B-5BBC55996032}"
EndProject
Project("{FAE04EC0-301F-11D3-BF4B-00C04F79EFBC}") = "Lecture5", "Lecture5\Lecture5.csproj", "{BC8913F2-3B8F-4B80-9697-A281EFD95642}"
EndProject
Project("{FAE04EC0-301F-11D3-BF4B-00C04F79EFBC}") = "Lecture100320", "Lecture100320\Lecture100320.csproj", "{503AA6E7-5212-4DAB-B4D0-1BF416947E20}"
EndProject
Project("{FAE04EC0-301F-11D3-BF4B-00C04F79EFBC}") = "H3", "H3\H3.csproj", "{8C913E24-4830-4683-AB0B-957A883E6E5F}"
EndProject
Project("{FAE04EC0-301F-11D3-BF4B-00C04F79EFBC}") = "Abstraction", "Abstraction\Abstraction.csproj", "{14DF1370-2560-4C5A-BEA9-AED11336D3FA}"
EndProject
Project("{FAE04EC0-301F-11D3-BF4B-00C04F79EFBC}") = "BikeRental", "BikeRental\BikeRental.csproj", "{32DE35CB-1E45-4E49-94D7-394AEC7204FA}"
EndProject
Project("{FAE04EC0-301F-11D3-BF4B-00C04F79EFBC}") = "BlackJack", "BlackJack\BlackJack.csproj", "{03C25C61-702D-4ACA-BC6E-EE7E047E6070}"
EndProject
Project("{9A19103F-16F7-4668-BE54-9A1E7A4F7556}") = "Net2Lecture180420WebShop", "Net2Lecture180220WebShop\Net2Lecture180420WebShop.csproj", "{A7A4A504-0BC4-4D93-B0EF-7C412BB8EAB3}"
EndProject
Project("{9A19103F-16F7-4668-BE54-9A1E7A4F7556}") = "Net2Lecture180420WebShopRight", "Net2Lecture180420WebShopRight\Net2Lecture180420WebShopRight.csproj", "{62569212-34B0-4F58-B754-DD5B2C6C5EB3}"
EndProject
Project("{9A19103F-16F7-4668-BE54-9A1E7A4F7556}") = "Net2230420WebDarbiniekuUzskaite", "Net2230420WebDarbiniekuUzskaite\Net2230420WebDarbiniekuUzskaite.csproj", "{40085DB4-8A5E-4932-AF70-3D0B648374EB}"
EndProject
Project("{9A19103F-16F7-4668-BE54-9A1E7A4F7556}") = "NET2EZurnals2", "NET2EZurnals2\NET2EZurnals2.csproj", "{EF18025C-ACD3-4717-A7FA-1D7F23E6674E}"
EndProject
Project("{9A19103F-16F7-4668-BE54-9A1E7A4F7556}") = "Net2Lecture180420WebShopRight.Logic", "Net2Lecture180420WebShopRight.Logic\Net2Lecture180420WebShopRight.Logic.csproj", "{6F9F9B38-C7C3-4A2E-B0C3-DC5DAF033DD7}"
EndProject
Project("{9A19103F-16F7-4668-BE54-9A1E7A4F7556}") = "WebShopWithLayOut.Logic", "NET2WebShopWithLayout.Logic\WebShopWithLayOut.Logic.csproj", "{623FDCE4-584D-4A36-A555-6FDFF7220583}"
EndProject
Project("{9A19103F-16F7-4668-BE54-9A1E7A4F7556}") = "WebShopWithLayOut", "WebShopWithLayOut\WebShopWithLayOut.csproj", "{19A7541D-7B5D-4200-8BB0-76B00CAEBE4B}"
EndProject
Global
	GlobalSection(SolutionConfigurationPlatforms) = preSolution
		Debug|Any CPU = Debug|Any CPU
		Release|Any CPU = Release|Any CPU
	EndGlobalSection
	GlobalSection(ProjectConfigurationPlatforms) = postSolution
		{4296F517-40C4-4616-A00A-4E85AD97E6C7}.Debug|Any CPU.ActiveCfg = Debug|Any CPU
		{4296F517-40C4-4616-A00A-4E85AD97E6C7}.Debug|Any CPU.Build.0 = Debug|Any CPU
		{4296F517-40C4-4616-A00A-4E85AD97E6C7}.Release|Any CPU.ActiveCfg = Release|Any CPU
		{4296F517-40C4-4616-A00A-4E85AD97E6C7}.Release|Any CPU.Build.0 = Release|Any CPU
		{01601655-75B5-46FF-B36C-90084E6934F3}.Debug|Any CPU.ActiveCfg = Debug|Any CPU
		{01601655-75B5-46FF-B36C-90084E6934F3}.Debug|Any CPU.Build.0 = Debug|Any CPU
		{01601655-75B5-46FF-B36C-90084E6934F3}.Release|Any CPU.ActiveCfg = Release|Any CPU
		{01601655-75B5-46FF-B36C-90084E6934F3}.Release|Any CPU.Build.0 = Release|Any CPU
		{985587B9-5A52-4347-9C2C-25E04F80F2EB}.Debug|Any CPU.ActiveCfg = Debug|Any CPU
		{985587B9-5A52-4347-9C2C-25E04F80F2EB}.Debug|Any CPU.Build.0 = Debug|Any CPU
		{985587B9-5A52-4347-9C2C-25E04F80F2EB}.Release|Any CPU.ActiveCfg = Release|Any CPU
		{985587B9-5A52-4347-9C2C-25E04F80F2EB}.Release|Any CPU.Build.0 = Release|Any CPU
		{96DE12BF-4165-49C0-B59B-5BBC55996032}.Debug|Any CPU.ActiveCfg = Debug|Any CPU
		{96DE12BF-4165-49C0-B59B-5BBC55996032}.Debug|Any CPU.Build.0 = Debug|Any CPU
		{96DE12BF-4165-49C0-B59B-5BBC55996032}.Release|Any CPU.ActiveCfg = Release|Any CPU
		{96DE12BF-4165-49C0-B59B-5BBC55996032}.Release|Any CPU.Build.0 = Release|Any CPU
		{BC8913F2-3B8F-4B80-9697-A281EFD95642}.Debug|Any CPU.ActiveCfg = Debug|Any CPU
		{BC8913F2-3B8F-4B80-9697-A281EFD95642}.Debug|Any CPU.Build.0 = Debug|Any CPU
		{BC8913F2-3B8F-4B80-9697-A281EFD95642}.Release|Any CPU.ActiveCfg = Release|Any CPU
		{BC8913F2-3B8F-4B80-9697-A281EFD95642}.Release|Any CPU.Build.0 = Release|Any CPU
		{503AA6E7-5212-4DAB-B4D0-1BF416947E20}.Debug|Any CPU.ActiveCfg = Debug|Any CPU
		{503AA6E7-5212-4DAB-B4D0-1BF416947E20}.Debug|Any CPU.Build.0 = Debug|Any CPU
		{503AA6E7-5212-4DAB-B4D0-1BF416947E20}.Release|Any CPU.ActiveCfg = Release|Any CPU
		{503AA6E7-5212-4DAB-B4D0-1BF416947E20}.Release|Any CPU.Build.0 = Release|Any CPU
		{8C913E24-4830-4683-AB0B-957A883E6E5F}.Debug|Any CPU.ActiveCfg = Debug|Any CPU
		{8C913E24-4830-4683-AB0B-957A883E6E5F}.Debug|Any CPU.Build.0 = Debug|Any CPU
		{8C913E24-4830-4683-AB0B-957A883E6E5F}.Release|Any CPU.ActiveCfg = Release|Any CPU
		{8C913E24-4830-4683-AB0B-957A883E6E5F}.Release|Any CPU.Build.0 = Release|Any CPU
		{14DF1370-2560-4C5A-BEA9-AED11336D3FA}.Debug|Any CPU.ActiveCfg = Debug|Any CPU
		{14DF1370-2560-4C5A-BEA9-AED11336D3FA}.Debug|Any CPU.Build.0 = Debug|Any CPU
		{14DF1370-2560-4C5A-BEA9-AED11336D3FA}.Release|Any CPU.ActiveCfg = Release|Any CPU
		{14DF1370-2560-4C5A-BEA9-AED11336D3FA}.Release|Any CPU.Build.0 = Release|Any CPU
		{32DE35CB-1E45-4E49-94D7-394AEC7204FA}.Debug|Any CPU.ActiveCfg = Debug|Any CPU
		{32DE35CB-1E45-4E49-94D7-394AEC7204FA}.Debug|Any CPU.Build.0 = Debug|Any CPU
		{32DE35CB-1E45-4E49-94D7-394AEC7204FA}.Release|Any CPU.ActiveCfg = Release|Any CPU
		{32DE35CB-1E45-4E49-94D7-394AEC7204FA}.Release|Any CPU.Build.0 = Release|Any CPU
		{03C25C61-702D-4ACA-BC6E-EE7E047E6070}.Debug|Any CPU.ActiveCfg = Debug|Any CPU
		{03C25C61-702D-4ACA-BC6E-EE7E047E6070}.Debug|Any CPU.Build.0 = Debug|Any CPU
		{03C25C61-702D-4ACA-BC6E-EE7E047E6070}.Release|Any CPU.ActiveCfg = Release|Any CPU
		{03C25C61-702D-4ACA-BC6E-EE7E047E6070}.Release|Any CPU.Build.0 = Release|Any CPU
		{A7A4A504-0BC4-4D93-B0EF-7C412BB8EAB3}.Debug|Any CPU.ActiveCfg = Debug|Any CPU
		{A7A4A504-0BC4-4D93-B0EF-7C412BB8EAB3}.Debug|Any CPU.Build.0 = Debug|Any CPU
		{A7A4A504-0BC4-4D93-B0EF-7C412BB8EAB3}.Release|Any CPU.ActiveCfg = Release|Any CPU
		{A7A4A504-0BC4-4D93-B0EF-7C412BB8EAB3}.Release|Any CPU.Build.0 = Release|Any CPU
		{62569212-34B0-4F58-B754-DD5B2C6C5EB3}.Debug|Any CPU.ActiveCfg = Debug|Any CPU
		{62569212-34B0-4F58-B754-DD5B2C6C5EB3}.Debug|Any CPU.Build.0 = Debug|Any CPU
		{62569212-34B0-4F58-B754-DD5B2C6C5EB3}.Release|Any CPU.ActiveCfg = Release|Any CPU
		{62569212-34B0-4F58-B754-DD5B2C6C5EB3}.Release|Any CPU.Build.0 = Release|Any CPU
		{40085DB4-8A5E-4932-AF70-3D0B648374EB}.Debug|Any CPU.ActiveCfg = Debug|Any CPU
		{40085DB4-8A5E-4932-AF70-3D0B648374EB}.Debug|Any CPU.Build.0 = Debug|Any CPU
		{40085DB4-8A5E-4932-AF70-3D0B648374EB}.Release|Any CPU.ActiveCfg = Release|Any CPU
		{40085DB4-8A5E-4932-AF70-3D0B648374EB}.Release|Any CPU.Build.0 = Release|Any CPU
		{EF18025C-ACD3-4717-A7FA-1D7F23E6674E}.Debug|Any CPU.ActiveCfg = Debug|Any CPU
		{EF18025C-ACD3-4717-A7FA-1D7F23E6674E}.Debug|Any CPU.Build.0 = Debug|Any CPU
		{EF18025C-ACD3-4717-A7FA-1D7F23E6674E}.Release|Any CPU.ActiveCfg = Release|Any CPU
		{EF18025C-ACD3-4717-A7FA-1D7F23E6674E}.Release|Any CPU.Build.0 = Release|Any CPU
		{6F9F9B38-C7C3-4A2E-B0C3-DC5DAF033DD7}.Debug|Any CPU.ActiveCfg = Debug|Any CPU
		{6F9F9B38-C7C3-4A2E-B0C3-DC5DAF033DD7}.Debug|Any CPU.Build.0 = Debug|Any CPU
		{6F9F9B38-C7C3-4A2E-B0C3-DC5DAF033DD7}.Release|Any CPU.ActiveCfg = Release|Any CPU
		{6F9F9B38-C7C3-4A2E-B0C3-DC5DAF033DD7}.Release|Any CPU.Build.0 = Release|Any CPU
		{623FDCE4-584D-4A36-A555-6FDFF7220583}.Debug|Any CPU.ActiveCfg = Debug|Any CPU
		{623FDCE4-584D-4A36-A555-6FDFF7220583}.Debug|Any CPU.Build.0 = Debug|Any CPU
		{623FDCE4-584D-4A36-A555-6FDFF7220583}.Release|Any CPU.ActiveCfg = Release|Any CPU
		{623FDCE4-584D-4A36-A555-6FDFF7220583}.Release|Any CPU.Build.0 = Release|Any CPU
		{19A7541D-7B5D-4200-8BB0-76B00CAEBE4B}.Debug|Any CPU.ActiveCfg = Debug|Any CPU
		{19A7541D-7B5D-4200-8BB0-76B00CAEBE4B}.Debug|Any CPU.Build.0 = Debug|Any CPU
		{19A7541D-7B5D-4200-8BB0-76B00CAEBE4B}.Release|Any CPU.ActiveCfg = Release|Any CPU
		{19A7541D-7B5D-4200-8BB0-76B00CAEBE4B}.Release|Any CPU.Build.0 = Release|Any CPU
	EndGlobalSection
	GlobalSection(SolutionProperties) = preSolution
		HideSolutionNode = FALSE
	EndGlobalSection
	GlobalSection(ExtensibilityGlobals) = postSolution
		SolutionGuid = {8307BDFD-4AAF-4AE8-91A4-23973D68E577}
	EndGlobalSection
EndGlobal
